// !$*UTF8*$!
{
	archiveVersion = 1;
	classes = {
	};
	objectVersion = 46;
	objects = {

/* Begin PBXBuildFile section */
		01326A3E1D6B83AE007D1897 /* Mapper+Foundation.swift in Sources */ = {isa = PBXBuildFile; fileRef = 01326A3D1D6B83AE007D1897 /* Mapper+Foundation.swift */; };
		01326A401D6B9548007D1897 /* Mapper+Debugging.swift in Sources */ = {isa = PBXBuildFile; fileRef = 01326A3F1D6B9548007D1897 /* Mapper+Debugging.swift */; };
		0185766D1D65999B00DC32CC /* KeyType.swift in Sources */ = {isa = PBXBuildFile; fileRef = 0185766C1D65999B00DC32CC /* KeyType.swift */; };
		0185766F1D659B1200DC32CC /* Mapper.swift in Sources */ = {isa = PBXBuildFile; fileRef = 0185766E1D659B1200DC32CC /* Mapper.swift */; };
		018576711D659BB900DC32CC /* MapperTests.swift in Sources */ = {isa = PBXBuildFile; fileRef = 018576701D659BB900DC32CC /* MapperTests.swift */; };
		018576731D659DD100DC32CC /* MapperError.swift in Sources */ = {isa = PBXBuildFile; fileRef = 018576721D659DD100DC32CC /* MapperError.swift */; };
		018576771D65A58E00DC32CC /* Mappable.swift in Sources */ = {isa = PBXBuildFile; fileRef = 018576761D65A58E00DC32CC /* Mappable.swift */; };
		0185767B1D65B7AB00DC32CC /* MappableObject.swift in Sources */ = {isa = PBXBuildFile; fileRef = 0185767A1D65B7AB00DC32CC /* MappableObject.swift */; };
		_LinkFileRef_Loxia_via_LoxiaTests /* Loxia.framework in Frameworks */ = {isa = PBXBuildFile; fileRef = "_____Product_Loxia" /* Loxia.framework */; };
/* End PBXBuildFile section */

/* Begin PBXContainerItemProxy section */
		0185766B1D6598F600DC32CC /* PBXContainerItemProxy */ = {
			isa = PBXContainerItemProxy;
			containerPortal = __RootObject_ /* Project object */;
			proxyType = 1;
			remoteGlobalIDString = "______Target_Loxia";
			remoteInfo = Loxia;
		};
/* End PBXContainerItemProxy section */

/* Begin PBXFileReference section */
		01326A3D1D6B83AE007D1897 /* Mapper+Foundation.swift */ = {isa = PBXFileReference; fileEncoding = 4; lastKnownFileType = sourcecode.swift; path = "Mapper+Foundation.swift"; sourceTree = "<group>"; };
		01326A3F1D6B9548007D1897 /* Mapper+Debugging.swift */ = {isa = PBXFileReference; fileEncoding = 4; lastKnownFileType = sourcecode.swift; path = "Mapper+Debugging.swift"; sourceTree = "<group>"; };
		0185766C1D65999B00DC32CC /* KeyType.swift */ = {isa = PBXFileReference; fileEncoding = 4; lastKnownFileType = sourcecode.swift; path = KeyType.swift; sourceTree = "<group>"; };
		0185766E1D659B1200DC32CC /* Mapper.swift */ = {isa = PBXFileReference; fileEncoding = 4; lastKnownFileType = sourcecode.swift; path = Mapper.swift; sourceTree = "<group>"; };
		018576701D659BB900DC32CC /* MapperTests.swift */ = {isa = PBXFileReference; fileEncoding = 4; lastKnownFileType = sourcecode.swift; path = MapperTests.swift; sourceTree = "<group>"; };
		018576721D659DD100DC32CC /* MapperError.swift */ = {isa = PBXFileReference; fileEncoding = 4; lastKnownFileType = sourcecode.swift; path = MapperError.swift; sourceTree = "<group>"; };
		018576761D65A58E00DC32CC /* Mappable.swift */ = {isa = PBXFileReference; fileEncoding = 4; lastKnownFileType = sourcecode.swift; path = Mappable.swift; sourceTree = "<group>"; };
		0185767A1D65B7AB00DC32CC /* MappableObject.swift */ = {isa = PBXFileReference; fileEncoding = 4; lastKnownFileType = sourcecode.swift; path = MappableObject.swift; sourceTree = "<group>"; };
		__PBXFileRef_Loxia.xcodeproj/Configs/Project.xcconfig /* Loxia.xcodeproj/Configs/Project.xcconfig */ = {isa = PBXFileReference; lastKnownFileType = text.xcconfig; path = Loxia.xcodeproj/Configs/Project.xcconfig; sourceTree = "<group>"; };
		__PBXFileRef_Package.swift /* Package.swift */ = {isa = PBXFileReference; lastKnownFileType = sourcecode.swift; path = Package.swift; sourceTree = "<group>"; };
		"_____Product_Loxia" /* Loxia.framework */ = {isa = PBXFileReference; explicitFileType = wrapper.framework; path = Loxia.framework; sourceTree = BUILT_PRODUCTS_DIR; };
		"_____Product_LoxiaTests" /* LoxiaTests.xctest */ = {isa = PBXFileReference; explicitFileType = wrapper.cfbundle; path = LoxiaTests.xctest; sourceTree = BUILT_PRODUCTS_DIR; };
/* End PBXFileReference section */

/* Begin PBXFrameworksBuildPhase section */
		"___LinkPhase_Loxia" /* Frameworks */ = {
			isa = PBXFrameworksBuildPhase;
			buildActionMask = 0;
			files = (
			);
			runOnlyForDeploymentPostprocessing = 0;
		};
		"___LinkPhase_LoxiaTests" /* Frameworks */ = {
			isa = PBXFrameworksBuildPhase;
			buildActionMask = 0;
			files = (
				_LinkFileRef_Loxia_via_LoxiaTests /* Loxia.framework in Frameworks */,
			);
			runOnlyForDeploymentPostprocessing = 0;
		};
/* End PBXFrameworksBuildPhase section */

/* Begin PBXGroup section */
		TestProducts_ /* Tests */ = {
			isa = PBXGroup;
			children = (
				"_____Product_LoxiaTests" /* LoxiaTests.xctest */,
			);
			name = Tests;
			sourceTree = "<group>";
		};
		"___RootGroup_" = {
			isa = PBXGroup;
			children = (
				__PBXFileRef_Package.swift /* Package.swift */,
				"_____Configs_" /* Configs */,
				"_____Sources_" /* Sources */,
				"_______Tests_" /* Tests */,
				"____Products_" /* Products */,
			);
			sourceTree = "<group>";
		};
		"____Products_" /* Products */ = {
			isa = PBXGroup;
			children = (
				TestProducts_ /* Tests */,
				"_____Product_Loxia" /* Loxia.framework */,
			);
			name = Products;
			sourceTree = "<group>";
		};
		"_____Configs_" /* Configs */ = {
			isa = PBXGroup;
			children = (
				__PBXFileRef_Loxia.xcodeproj/Configs/Project.xcconfig /* Loxia.xcodeproj/Configs/Project.xcconfig */,
			);
			name = Configs;
			sourceTree = "<group>";
		};
		"_____Sources_" /* Sources */ = {
			isa = PBXGroup;
			children = (
				"_______Group_Loxia" /* Loxia */,
			);
			name = Sources;
			sourceTree = "<group>";
		};
		"_______Group_Loxia" /* Loxia */ = {
			isa = PBXGroup;
			children = (
				0185766C1D65999B00DC32CC /* KeyType.swift */,
				018576761D65A58E00DC32CC /* Mappable.swift */,
				0185767A1D65B7AB00DC32CC /* MappableObject.swift */,
				018576721D659DD100DC32CC /* MapperError.swift */,
				0185766E1D659B1200DC32CC /* Mapper.swift */,
				01326A3D1D6B83AE007D1897 /* Mapper+Foundation.swift */,
				01326A3F1D6B9548007D1897 /* Mapper+Debugging.swift */,
			);
			name = Loxia;
			path = Sources;
			sourceTree = "<group>";
		};
		"_______Group_LoxiaTests" /* LoxiaTests */ = {
			isa = PBXGroup;
			children = (
				018576701D659BB900DC32CC /* MapperTests.swift */,
			);
			name = LoxiaTests;
			path = Tests/LoxiaTests;
			sourceTree = "<group>";
		};
		"_______Tests_" /* Tests */ = {
			isa = PBXGroup;
			children = (
				"_______Group_LoxiaTests" /* LoxiaTests */,
			);
			name = Tests;
			sourceTree = "<group>";
		};
/* End PBXGroup section */

/* Begin PBXNativeTarget section */
		"______Target_Loxia" /* Loxia */ = {
			isa = PBXNativeTarget;
			buildConfigurationList = "_______Confs_Loxia" /* Build configuration list for PBXNativeTarget "Loxia" */;
			buildPhases = (
				CompilePhase_Loxia /* Sources */,
				"___LinkPhase_Loxia" /* Frameworks */,
			);
			buildRules = (
			);
			dependencies = (
			);
			name = Loxia;
			productName = Loxia;
			productReference = "_____Product_Loxia" /* Loxia.framework */;
			productType = "com.apple.product-type.framework";
		};
		"______Target_LoxiaTests" /* LoxiaTests */ = {
			isa = PBXNativeTarget;
			buildConfigurationList = "_______Confs_LoxiaTests" /* Build configuration list for PBXNativeTarget "LoxiaTests" */;
			buildPhases = (
				CompilePhase_LoxiaTests /* Sources */,
				"___LinkPhase_LoxiaTests" /* Frameworks */,
			);
			buildRules = (
			);
			dependencies = (
				__Dependency_Loxia /* PBXTargetDependency */,
			);
			name = LoxiaTests;
			productName = LoxiaTests;
			productReference = "_____Product_LoxiaTests" /* LoxiaTests.xctest */;
			productType = "com.apple.product-type.bundle.unit-test";
		};
/* End PBXNativeTarget section */

/* Begin PBXProject section */
		__RootObject_ /* Project object */ = {
			isa = PBXProject;
			attributes = {
				LastUpgradeCheck = 9999;
				TargetAttributes = {
					"______Target_Loxia" = {
						LastSwiftMigration = 0800;
					};
				};
			};
			buildConfigurationList = "___RootConfs_" /* Build configuration list for PBXProject "Loxia" */;
			compatibilityVersion = "Xcode 3.2";
			developmentRegion = English;
			hasScannedForEncodings = 0;
			knownRegions = (
				en,
			);
			mainGroup = "___RootGroup_";
			productRefGroup = "____Products_" /* Products */;
			projectDirPath = "";
			projectRoot = "";
			targets = (
				"______Target_Loxia" /* Loxia */,
				"______Target_LoxiaTests" /* LoxiaTests */,
			);
		};
/* End PBXProject section */

/* Begin PBXSourcesBuildPhase section */
		CompilePhase_Loxia /* Sources */ = {
			isa = PBXSourcesBuildPhase;
			buildActionMask = 0;
			files = (
				01326A401D6B9548007D1897 /* Mapper+Debugging.swift in Sources */,
				0185766F1D659B1200DC32CC /* Mapper.swift in Sources */,
				01326A3E1D6B83AE007D1897 /* Mapper+Foundation.swift in Sources */,
				018576731D659DD100DC32CC /* MapperError.swift in Sources */,
				0185766D1D65999B00DC32CC /* KeyType.swift in Sources */,
				0185767B1D65B7AB00DC32CC /* MappableObject.swift in Sources */,
				018576771D65A58E00DC32CC /* Mappable.swift in Sources */,
			);
			runOnlyForDeploymentPostprocessing = 0;
		};
		CompilePhase_LoxiaTests /* Sources */ = {
			isa = PBXSourcesBuildPhase;
			buildActionMask = 0;
			files = (
				018576711D659BB900DC32CC /* MapperTests.swift in Sources */,
			);
			runOnlyForDeploymentPostprocessing = 0;
		};
/* End PBXSourcesBuildPhase section */

/* Begin PBXTargetDependency section */
		__Dependency_Loxia /* PBXTargetDependency */ = {
			isa = PBXTargetDependency;
			target = "______Target_Loxia" /* Loxia */;
			targetProxy = 0185766B1D6598F600DC32CC /* PBXContainerItemProxy */;
		};
/* End PBXTargetDependency section */

/* Begin XCBuildConfiguration section */
		_ReleaseConf_Loxia /* Release */ = {
			isa = XCBuildConfiguration;
			buildSettings = {
				ALWAYS_EMBED_SWIFT_STANDARD_LIBRARIES = NO;
				CLANG_ENABLE_MODULES = YES;
				DEFINES_MODULE = YES;
				ENABLE_TESTABILITY = YES;
				FRAMEWORK_SEARCH_PATHS = "$(PLATFORM_DIR)/Developer/Library/Frameworks";
				INFOPLIST_FILE = Loxia.xcodeproj/Loxia_Info.plist;
				IPHONEOS_DEPLOYMENT_TARGET = 8.0;
				LD_RUNPATH_SEARCH_PATHS = "$(TOOLCHAIN_DIR)/usr/lib/swift/macosx";
				OTHER_LDFLAGS = "$(inherited)";
				OTHER_SWIFT_FLAGS = "$(inherited)";
				PRODUCT_BUNDLE_IDENTIFIER = Loxia;
				PRODUCT_MODULE_NAME = "$(TARGET_NAME:c99extidentifier)";
				PRODUCT_NAME = "$(TARGET_NAME:c99extidentifier)";
				SWIFT_VERSION = 3.0;
				TVOS_DEPLOYMENT_TARGET = 9.0;
				WATCHOS_DEPLOYMENT_TARGET = 2.0;
			};
			name = Release;
		};
		_ReleaseConf_LoxiaTests /* Release */ = {
			isa = XCBuildConfiguration;
			buildSettings = {
				ALWAYS_EMBED_SWIFT_STANDARD_LIBRARIES = YES;
				EMBEDDED_CONTENT_CONTAINS_SWIFT = YES;
				FRAMEWORK_SEARCH_PATHS = "$(PLATFORM_DIR)/Developer/Library/Frameworks";
				INFOPLIST_FILE = Loxia.xcodeproj/LoxiaTests_Info.plist;
				LD_RUNPATH_SEARCH_PATHS = "@loader_path/../Frameworks";
				OTHER_LDFLAGS = "$(inherited)";
				OTHER_SWIFT_FLAGS = "$(inherited)";
				SWIFT_VERSION = 3.0;
			};
			name = Release;
		};
		"___DebugConf_Loxia" /* Debug */ = {
			isa = XCBuildConfiguration;
			buildSettings = {
				ALWAYS_EMBED_SWIFT_STANDARD_LIBRARIES = NO;
				CLANG_ENABLE_MODULES = YES;
				DEFINES_MODULE = YES;
				ENABLE_TESTABILITY = YES;
				FRAMEWORK_SEARCH_PATHS = "$(PLATFORM_DIR)/Developer/Library/Frameworks";
				INFOPLIST_FILE = Loxia.xcodeproj/Loxia_Info.plist;
				IPHONEOS_DEPLOYMENT_TARGET = 8.0;
				LD_RUNPATH_SEARCH_PATHS = "$(TOOLCHAIN_DIR)/usr/lib/swift/macosx";
				OTHER_LDFLAGS = "$(inherited)";
				OTHER_SWIFT_FLAGS = "$(inherited)";
				PRODUCT_BUNDLE_IDENTIFIER = Loxia;
				PRODUCT_MODULE_NAME = "$(TARGET_NAME:c99extidentifier)";
				PRODUCT_NAME = "$(TARGET_NAME:c99extidentifier)";
				SWIFT_OPTIMIZATION_LEVEL = "-Onone";
				SWIFT_VERSION = 3.0;
				TVOS_DEPLOYMENT_TARGET = 9.0;
				WATCHOS_DEPLOYMENT_TARGET = 2.0;
			};
			name = Debug;
		};
		"___DebugConf_LoxiaTests" /* Debug */ = {
			isa = XCBuildConfiguration;
			buildSettings = {
				ALWAYS_EMBED_SWIFT_STANDARD_LIBRARIES = YES;
				EMBEDDED_CONTENT_CONTAINS_SWIFT = YES;
				FRAMEWORK_SEARCH_PATHS = "$(PLATFORM_DIR)/Developer/Library/Frameworks";
				INFOPLIST_FILE = Loxia.xcodeproj/LoxiaTests_Info.plist;
				LD_RUNPATH_SEARCH_PATHS = "@loader_path/../Frameworks";
				OTHER_LDFLAGS = "$(inherited)";
				OTHER_SWIFT_FLAGS = "$(inherited)";
				SWIFT_OPTIMIZATION_LEVEL = "-Onone";
				SWIFT_VERSION = 3.0;
			};
			name = Debug;
		};
		"_____Release_" /* Release */ = {
			isa = XCBuildConfiguration;
			baseConfigurationReference = __PBXFileRef_Loxia.xcodeproj/Configs/Project.xcconfig /* Loxia.xcodeproj/Configs/Project.xcconfig */;
			buildSettings = {
			};
			name = Release;
		};
		"_______Debug_" /* Debug */ = {
			isa = XCBuildConfiguration;
			baseConfigurationReference = __PBXFileRef_Loxia.xcodeproj/Configs/Project.xcconfig /* Loxia.xcodeproj/Configs/Project.xcconfig */;
			buildSettings = {
			};
			name = Debug;
		};
/* End XCBuildConfiguration section */

/* Begin XCConfigurationList section */
		"___RootConfs_" /* Build configuration list for PBXProject "Loxia" */ = {
			isa = XCConfigurationList;
			buildConfigurations = (
				"_______Debug_" /* Debug */,
				"_____Release_" /* Release */,
			);
			defaultConfigurationIsVisible = 0;
			defaultConfigurationName = Debug;
		};
		"_______Confs_Loxia" /* Build configuration list for PBXNativeTarget "Loxia" */ = {
			isa = XCConfigurationList;
			buildConfigurations = (
				"___DebugConf_Loxia" /* Debug */,
				_ReleaseConf_Loxia /* Release */,
			);
			defaultConfigurationIsVisible = 0;
			defaultConfigurationName = Debug;
		};
		"_______Confs_LoxiaTests" /* Build configuration list for PBXNativeTarget "LoxiaTests" */ = {
			isa = XCConfigurationList;
			buildConfigurations = (
				"___DebugConf_LoxiaTests" /* Debug */,
				_ReleaseConf_LoxiaTests /* Release */,
			);
			defaultConfigurationIsVisible = 0;
			defaultConfigurationName = Debug;
		};
/* End XCConfigurationList section */
	};
	rootObject = __RootObject_ /* Project object */;
}
